// !$*UTF8*$!
{
	archiveVersion = 1;
	classes = {
	};
	objectVersion = 46;
	objects = {

/* Begin PBXBuildFile section */
		048894901CEC196700055972 /* main.m in Sources */ = {isa = PBXBuildFile; fileRef = 0488948F1CEC196700055972 /* main.m */; };
		048894931CEC196700055972 /* AppDelegate.m in Sources */ = {isa = PBXBuildFile; fileRef = 048894921CEC196700055972 /* AppDelegate.m */; };
		048894961CEC196700055972 /* ViewController.m in Sources */ = {isa = PBXBuildFile; fileRef = 048894951CEC196700055972 /* ViewController.m */; };
		048894991CEC196700055972 /* Main.storyboard in Resources */ = {isa = PBXBuildFile; fileRef = 048894971CEC196700055972 /* Main.storyboard */; };
		0488949B1CEC196700055972 /* Assets.xcassets in Resources */ = {isa = PBXBuildFile; fileRef = 0488949A1CEC196700055972 /* Assets.xcassets */; };
		0488949E1CEC196700055972 /* LaunchScreen.storyboard in Resources */ = {isa = PBXBuildFile; fileRef = 0488949C1CEC196700055972 /* LaunchScreen.storyboard */; };
		048894A91CEC196800055972 /* ___SegueTests.m in Sources */ = {isa = PBXBuildFile; fileRef = 048894A81CEC196800055972 /* ___SegueTests.m */; };
		048894B41CEC196800055972 /* ___SegueUITests.m in Sources */ = {isa = PBXBuildFile; fileRef = 048894B31CEC196800055972 /* ___SegueUITests.m */; };
		048894C31CEC1A9100055972 /* RedViewController.m in Sources */ = {isa = PBXBuildFile; fileRef = 048894C21CEC1A9100055972 /* RedViewController.m */; settings = {ASSET_TAGS = (); }; };
		048894C61CEC1ADA00055972 /* MySegue.m in Sources */ = {isa = PBXBuildFile; fileRef = 048894C51CEC1ADA00055972 /* MySegue.m */; settings = {ASSET_TAGS = (); }; };
/* End PBXBuildFile section */

/* Begin PBXContainerItemProxy section */
		048894A51CEC196800055972 /* PBXContainerItemProxy */ = {
			isa = PBXContainerItemProxy;
			containerPortal = 048894831CEC196700055972 /* Project object */;
			proxyType = 1;
			remoteGlobalIDString = 0488948A1CEC196700055972;
			remoteInfo = "自定义Segue";
		};
		048894B01CEC196800055972 /* PBXContainerItemProxy */ = {
			isa = PBXContainerItemProxy;
			containerPortal = 048894831CEC196700055972 /* Project object */;
			proxyType = 1;
			remoteGlobalIDString = 0488948A1CEC196700055972;
			remoteInfo = "自定义Segue";
		};
/* End PBXContainerItemProxy section */

/* Begin PBXFileReference section */
		0488948B1CEC196700055972 /* 自定义Segue.app */ = {isa = PBXFileReference; explicitFileType = wrapper.application; includeInIndex = 0; path = "自定义Segue.app"; sourceTree = BUILT_PRODUCTS_DIR; };
		0488948F1CEC196700055972 /* main.m */ = {isa = PBXFileReference; lastKnownFileType = sourcecode.c.objc; path = main.m; sourceTree = "<group>"; };
		048894911CEC196700055972 /* AppDelegate.h */ = {isa = PBXFileReference; lastKnownFileType = sourcecode.c.h; path = AppDelegate.h; sourceTree = "<group>"; };
		048894921CEC196700055972 /* AppDelegate.m */ = {isa = PBXFileReference; lastKnownFileType = sourcecode.c.objc; path = AppDelegate.m; sourceTree = "<group>"; };
		048894941CEC196700055972 /* ViewController.h */ = {isa = PBXFileReference; lastKnownFileType = sourcecode.c.h; path = ViewController.h; sourceTree = "<group>"; };
		048894951CEC196700055972 /* ViewController.m */ = {isa = PBXFileReference; lastKnownFileType = sourcecode.c.objc; path = ViewController.m; sourceTree = "<group>"; };
		048894981CEC196700055972 /* Base */ = {isa = PBXFileReference; lastKnownFileType = file.storyboard; name = Base; path = Base.lproj/Main.storyboard; sourceTree = "<group>"; };
		0488949A1CEC196700055972 /* Assets.xcassets */ = {isa = PBXFileReference; lastKnownFileType = folder.assetcatalog; path = Assets.xcassets; sourceTree = "<group>"; };
		0488949D1CEC196700055972 /* Base */ = {isa = PBXFileReference; lastKnownFileType = file.storyboard; name = Base; path = Base.lproj/LaunchScreen.storyboard; sourceTree = "<group>"; };
		0488949F1CEC196700055972 /* Info.plist */ = {isa = PBXFileReference; lastKnownFileType = text.plist.xml; path = Info.plist; sourceTree = "<group>"; };
		048894A41CEC196800055972 /* 自定义SegueTests.xctest */ = {isa = PBXFileReference; explicitFileType = wrapper.cfbundle; includeInIndex = 0; path = "自定义SegueTests.xctest"; sourceTree = BUILT_PRODUCTS_DIR; };
		048894A81CEC196800055972 /* ___SegueTests.m */ = {isa = PBXFileReference; lastKnownFileType = sourcecode.c.objc; path = "___SegueTests.m"; sourceTree = "<group>"; };
		048894AA1CEC196800055972 /* Info.plist */ = {isa = PBXFileReference; lastKnownFileType = text.plist.xml; path = Info.plist; sourceTree = "<group>"; };
		048894AF1CEC196800055972 /* 自定义SegueUITests.xctest */ = {isa = PBXFileReference; explicitFileType = wrapper.cfbundle; includeInIndex = 0; path = "自定义SegueUITests.xctest"; sourceTree = BUILT_PRODUCTS_DIR; };
		048894B31CEC196800055972 /* ___SegueUITests.m */ = {isa = PBXFileReference; lastKnownFileType = sourcecode.c.objc; path = "___SegueUITests.m"; sourceTree = "<group>"; };
		048894B51CEC196800055972 /* Info.plist */ = {isa = PBXFileReference; lastKnownFileType = text.plist.xml; path = Info.plist; sourceTree = "<group>"; };
		048894C11CEC1A9100055972 /* RedViewController.h */ = {isa = PBXFileReference; fileEncoding = 4; lastKnownFileType = sourcecode.c.h; path = RedViewController.h; sourceTree = "<group>"; };
		048894C21CEC1A9100055972 /* RedViewController.m */ = {isa = PBXFileReference; fileEncoding = 4; lastKnownFileType = sourcecode.c.objc; path = RedViewController.m; sourceTree = "<group>"; };
		048894C41CEC1ADA00055972 /* MySegue.h */ = {isa = PBXFileReference; fileEncoding = 4; lastKnownFileType = sourcecode.c.h; path = MySegue.h; sourceTree = "<group>"; };
		048894C51CEC1ADA00055972 /* MySegue.m */ = {isa = PBXFileReference; fileEncoding = 4; lastKnownFileType = sourcecode.c.objc; path = MySegue.m; sourceTree = "<group>"; };
/* End PBXFileReference section */

/* Begin PBXFrameworksBuildPhase section */
		048894881CEC196700055972 /* Frameworks */ = {
			isa = PBXFrameworksBuildPhase;
			buildActionMask = 2147483647;
			files = (
			);
			runOnlyForDeploymentPostprocessing = 0;
		};
		048894A11CEC196800055972 /* Frameworks */ = {
			isa = PBXFrameworksBuildPhase;
			buildActionMask = 2147483647;
			files = (
			);
			runOnlyForDeploymentPostprocessing = 0;
		};
		048894AC1CEC196800055972 /* Frameworks */ = {
			isa = PBXFrameworksBuildPhase;
			buildActionMask = 2147483647;
			files = (
			);
			runOnlyForDeploymentPostprocessing = 0;
		};
/* End PBXFrameworksBuildPhase section */

/* Begin PBXGroup section */
		048894821CEC196700055972 = {
			isa = PBXGroup;
			children = (
				0488948D1CEC196700055972 /* 自定义Segue */,
				048894A71CEC196800055972 /* 自定义SegueTests */,
				048894B21CEC196800055972 /* 自定义SegueUITests */,
				0488948C1CEC196700055972 /* Products */,
			);
			sourceTree = "<group>";
		};
		0488948C1CEC196700055972 /* Products */ = {
			isa = PBXGroup;
			children = (
				0488948B1CEC196700055972 /* 自定义Segue.app */,
				048894A41CEC196800055972 /* 自定义SegueTests.xctest */,
				048894AF1CEC196800055972 /* 自定义SegueUITests.xctest */,
			);
			name = Products;
			sourceTree = "<group>";
		};
		0488948D1CEC196700055972 /* 自定义Segue */ = {
			isa = PBXGroup;
			children = (
				048894911CEC196700055972 /* AppDelegate.h */,
				048894921CEC196700055972 /* AppDelegate.m */,
				048894941CEC196700055972 /* ViewController.h */,
				048894951CEC196700055972 /* ViewController.m */,
				048894C11CEC1A9100055972 /* RedViewController.h */,
				048894C21CEC1A9100055972 /* RedViewController.m */,
				048894C41CEC1ADA00055972 /* MySegue.h */,
				048894C51CEC1ADA00055972 /* MySegue.m */,
				048894971CEC196700055972 /* Main.storyboard */,
				0488949A1CEC196700055972 /* Assets.xcassets */,
				0488949C1CEC196700055972 /* LaunchScreen.storyboard */,
				0488949F1CEC196700055972 /* Info.plist */,
				0488948E1CEC196700055972 /* Supporting Files */,
			);
			path = "自定义Segue";
			sourceTree = "<group>";
		};
		0488948E1CEC196700055972 /* Supporting Files */ = {
			isa = PBXGroup;
			children = (
				0488948F1CEC196700055972 /* main.m */,
			);
			name = "Supporting Files";
			sourceTree = "<group>";
		};
		048894A71CEC196800055972 /* 自定义SegueTests */ = {
			isa = PBXGroup;
			children = (
				048894A81CEC196800055972 /* ___SegueTests.m */,
				048894AA1CEC196800055972 /* Info.plist */,
			);
			path = "自定义SegueTests";
			sourceTree = "<group>";
		};
		048894B21CEC196800055972 /* 自定义SegueUITests */ = {
			isa = PBXGroup;
			children = (
				048894B31CEC196800055972 /* ___SegueUITests.m */,
				048894B51CEC196800055972 /* Info.plist */,
			);
			path = "自定义SegueUITests";
			sourceTree = "<group>";
		};
/* End PBXGroup section */

/* Begin PBXNativeTarget section */
		0488948A1CEC196700055972 /* 自定义Segue */ = {
			isa = PBXNativeTarget;
			buildConfigurationList = 048894B81CEC196800055972 /* Build configuration list for PBXNativeTarget "自定义Segue" */;
			buildPhases = (
				048894871CEC196700055972 /* Sources */,
				048894881CEC196700055972 /* Frameworks */,
				048894891CEC196700055972 /* Resources */,
			);
			buildRules = (
			);
			dependencies = (
			);
			name = "自定义Segue";
			productName = "自定义Segue";
			productReference = 0488948B1CEC196700055972 /* 自定义Segue.app */;
			productType = "com.apple.product-type.application";
		};
		048894A31CEC196800055972 /* 自定义SegueTests */ = {
			isa = PBXNativeTarget;
			buildConfigurationList = 048894BB1CEC196800055972 /* Build configuration list for PBXNativeTarget "自定义SegueTests" */;
			buildPhases = (
				048894A01CEC196800055972 /* Sources */,
				048894A11CEC196800055972 /* Frameworks */,
				048894A21CEC196800055972 /* Resources */,
			);
			buildRules = (
			);
			dependencies = (
				048894A61CEC196800055972 /* PBXTargetDependency */,
			);
			name = "自定义SegueTests";
			productName = "自定义SegueTests";
			productReference = 048894A41CEC196800055972 /* 自定义SegueTests.xctest */;
			productType = "com.apple.product-type.bundle.unit-test";
		};
		048894AE1CEC196800055972 /* 自定义SegueUITests */ = {
			isa = PBXNativeTarget;
			buildConfigurationList = 048894BE1CEC196800055972 /* Build configuration list for PBXNativeTarget "自定义SegueUITests" */;
			buildPhases = (
				048894AB1CEC196800055972 /* Sources */,
				048894AC1CEC196800055972 /* Frameworks */,
				048894AD1CEC196800055972 /* Resources */,
			);
			buildRules = (
			);
			dependencies = (
				048894B11CEC196800055972 /* PBXTargetDependency */,
			);
			name = "自定义SegueUITests";
			productName = "自定义SegueUITests";
			productReference = 048894AF1CEC196800055972 /* 自定义SegueUITests.xctest */;
			productType = "com.apple.product-type.bundle.ui-testing";
		};
/* End PBXNativeTarget section */

/* Begin PBXProject section */
		048894831CEC196700055972 /* Project object */ = {
			isa = PBXProject;
			attributes = {
				LastUpgradeCheck = 0700;
				ORGANIZATIONNAME = mac;
				TargetAttributes = {
					0488948A1CEC196700055972 = {
						CreatedOnToolsVersion = 7.0.1;
					};
					048894A31CEC196800055972 = {
						CreatedOnToolsVersion = 7.0.1;
						TestTargetID = 0488948A1CEC196700055972;
					};
					048894AE1CEC196800055972 = {
						CreatedOnToolsVersion = 7.0.1;
						TestTargetID = 0488948A1CEC196700055972;
					};
				};
			};
			buildConfigurationList = 048894861CEC196700055972 /* Build configuration list for PBXProject "自定义Segue" */;
			compatibilityVersion = "Xcode 3.2";
			developmentRegion = English;
			hasScannedForEncodings = 0;
			knownRegions = (
				en,
				Base,
			);
			mainGroup = 048894821CEC196700055972;
			productRefGroup = 0488948C1CEC196700055972 /* Products */;
			projectDirPath = "";
			projectRoot = "";
			targets = (
				0488948A1CEC196700055972 /* 自定义Segue */,
				048894A31CEC196800055972 /* 自定义SegueTests */,
				048894AE1CEC196800055972 /* 自定义SegueUITests */,
			);
		};
/* End PBXProject section */

/* Begin PBXResourcesBuildPhase section */
		048894891CEC196700055972 /* Resources */ = {
			isa = PBXResourcesBuildPhase;
			buildActionMask = 2147483647;
			files = (
				0488949E1CEC196700055972 /* LaunchScreen.storyboard in Resources */,
				0488949B1CEC196700055972 /* Assets.xcassets in Resources */,
				048894991CEC196700055972 /* Main.storyboard in Resources */,
			);
			runOnlyForDeploymentPostprocessing = 0;
		};
		048894A21CEC196800055972 /* Resources */ = {
			isa = PBXResourcesBuildPhase;
			buildActionMask = 2147483647;
			files = (
			);
			runOnlyForDeploymentPostprocessing = 0;
		};
		048894AD1CEC196800055972 /* Resources */ = {
			isa = PBXResourcesBuildPhase;
			buildActionMask = 2147483647;
			files = (
			);
			runOnlyForDeploymentPostprocessing = 0;
		};
/* End PBXResourcesBuildPhase section */

/* Begin PBXSourcesBuildPhase section */
		048894871CEC196700055972 /* Sources */ = {
			isa = PBXSourcesBuildPhase;
			buildActionMask = 2147483647;
			files = (
				048894C61CEC1ADA00055972 /* MySegue.m in Sources */,
				048894C31CEC1A9100055972 /* RedViewController.m in Sources */,
				048894961CEC196700055972 /* ViewController.m in Sources */,
				048894931CEC196700055972 /* AppDelegate.m in Sources */,
				048894901CEC196700055972 /* main.m in Sources */,
			);
			runOnlyForDeploymentPostprocessing = 0;
		};
		048894A01CEC196800055972 /* Sources */ = {
			isa = PBXSourcesBuildPhase;
			buildActionMask = 2147483647;
			files = (
				048894A91CEC196800055972 /* ___SegueTests.m in Sources */,
			);
			runOnlyForDeploymentPostprocessing = 0;
		};
		048894AB1CEC196800055972 /* Sources */ = {
			isa = PBXSourcesBuildPhase;
			buildActionMask = 2147483647;
			files = (
				048894B41CEC196800055972 /* ___SegueUITests.m in Sources */,
			);
			runOnlyForDeploymentPostprocessing = 0;
		};
/* End PBXSourcesBuildPhase section */

/* Begin PBXTargetDependency section */
		048894A61CEC196800055972 /* PBXTargetDependency */ = {
			isa = PBXTargetDependency;
			target = 0488948A1CEC196700055972 /* 自定义Segue */;
			targetProxy = 048894A51CEC196800055972 /* PBXContainerItemProxy */;
		};
		048894B11CEC196800055972 /* PBXTargetDependency */ = {
			isa = PBXTargetDependency;
			target = 0488948A1CEC196700055972 /* 自定义Segue */;
			targetProxy = 048894B01CEC196800055972 /* PBXContainerItemProxy */;
		};
/* End PBXTargetDependency section */

/* Begin PBXVariantGroup section */
		048894971CEC196700055972 /* Main.storyboard */ = {
			isa = PBXVariantGroup;
			children = (
				048894981CEC196700055972 /* Base */,
			);
			name = Main.storyboard;
			sourceTree = "<group>";
		};
		0488949C1CEC196700055972 /* LaunchScreen.storyboard */ = {
			isa = PBXVariantGroup;
			children = (
				0488949D1CEC196700055972 /* Base */,
			);
			name = LaunchScreen.storyboard;
			sourceTree = "<group>";
		};
/* End PBXVariantGroup section */

/* Begin XCBuildConfiguration section */
		048894B61CEC196800055972 /* Debug */ = {
			isa = XCBuildConfiguration;
			buildSettings = {
				ALWAYS_SEARCH_USER_PATHS = NO;
				CLANG_CXX_LANGUAGE_STANDARD = "gnu++0x";
				CLANG_CXX_LIBRARY = "libc++";
				CLANG_ENABLE_MODULES = YES;
				CLANG_ENABLE_OBJC_ARC = YES;
				CLANG_WARN_BOOL_CONVERSION = YES;
				CLANG_WARN_CONSTANT_CONVERSION = YES;
				CLANG_WARN_DIRECT_OBJC_ISA_USAGE = YES_ERROR;
				CLANG_WARN_EMPTY_BODY = YES;
				CLANG_WARN_ENUM_CONVERSION = YES;
				CLANG_WARN_INT_CONVERSION = YES;
				CLANG_WARN_OBJC_ROOT_CLASS = YES_ERROR;
				CLANG_WARN_UNREACHABLE_CODE = YES;
				CLANG_WARN__DUPLICATE_METHOD_MATCH = YES;
				"CODE_SIGN_IDENTITY[sdk=iphoneos*]" = "iPhone Developer";
				COPY_PHASE_STRIP = NO;
				DEBUG_INFORMATION_FORMAT = dwarf;
				ENABLE_STRICT_OBJC_MSGSEND = YES;
				ENABLE_TESTABILITY = YES;
				GCC_C_LANGUAGE_STANDARD = gnu99;
				GCC_DYNAMIC_NO_PIC = NO;
				GCC_NO_COMMON_BLOCKS = YES;
				GCC_OPTIMIZATION_LEVEL = 0;
				GCC_PREPROCESSOR_DEFINITIONS = (
					"DEBUG=1",
					"$(inherited)",
				);
				GCC_WARN_64_TO_32_BIT_CONVERSION = YES;
				GCC_WARN_ABOUT_RETURN_TYPE = YES_ERROR;
				GCC_WARN_UNDECLARED_SELECTOR = YES;
				GCC_WARN_UNINITIALIZED_AUTOS = YES_AGGRESSIVE;
				GCC_WARN_UNUSED_FUNCTION = YES;
				GCC_WARN_UNUSED_VARIABLE = YES;
				IPHONEOS_DEPLOYMENT_TARGET = 9.0;
				MTL_ENABLE_DEBUG_INFO = YES;
				ONLY_ACTIVE_ARCH = YES;
				SDKROOT = iphoneos;
				TARGETED_DEVICE_FAMILY = "1,2";
			};
			name = Debug;
		};
		048894B71CEC196800055972 /* Release */ = {
			isa = XCBuildConfiguration;
			buildSettings = {
				ALWAYS_SEARCH_USER_PATHS = NO;
				CLANG_CXX_LANGUAGE_STANDARD = "gnu++0x";
				CLANG_CXX_LIBRARY = "libc++";
				CLANG_ENABLE_MODULES = YES;
				CLANG_ENABLE_OBJC_ARC = YES;
				CLANG_WARN_BOOL_CONVERSION = YES;
				CLANG_WARN_CONSTANT_CONVERSION = YES;
				CLANG_WARN_DIRECT_OBJC_ISA_USAGE = YES_ERROR;
				CLANG_WARN_EMPTY_BODY = YES;
				CLANG_WARN_ENUM_CONVERSION = YES;
				CLANG_WARN_INT_CONVERSION = YES;
				CLANG_WARN_OBJC_ROOT_CLASS = YES_ERROR;
				CLANG_WARN_UNREACHABLE_CODE = YES;
				CLANG_WARN__DUPLICATE_METHOD_MATCH = YES;
				"CODE_SIGN_IDENTITY[sdk=iphoneos*]" = "iPhone Developer";
				COPY_PHASE_STRIP = NO;
				DEBUG_INFORMATION_FORMAT = "dwarf-with-dsym";
				ENABLE_NS_ASSERTIONS = NO;
				ENABLE_STRICT_OBJC_MSGSEND = YES;
				GCC_C_LANGUAGE_STANDARD = gnu99;
				GCC_NO_COMMON_BLOCKS = YES;
				GCC_WARN_64_TO_32_BIT_CONVERSION = YES;
				GCC_WARN_ABOUT_RETURN_TYPE = YES_ERROR;
				GCC_WARN_UNDECLARED_SELECTOR = YES;
				GCC_WARN_UNINITIALIZED_AUTOS = YES_AGGRESSIVE;
				GCC_WARN_UNUSED_FUNCTION = YES;
				GCC_WARN_UNUSED_VARIABLE = YES;
				IPHONEOS_DEPLOYMENT_TARGET = 9.0;
				MTL_ENABLE_DEBUG_INFO = NO;
				SDKROOT = iphoneos;
				TARGETED_DEVICE_FAMILY = "1,2";
				VALIDATE_PRODUCT = YES;
			};
			name = Release;
		};
		048894B91CEC196800055972 /* Debug */ = {
			isa = XCBuildConfiguration;
			buildSettings = {
				ASSETCATALOG_COMPILER_APPICON_NAME = AppIcon;
				INFOPLIST_FILE = "自定义Segue/Info.plist";
				LD_RUNPATH_SEARCH_PATHS = "$(inherited) @executable_path/Frameworks";
				PRODUCT_BUNDLE_IDENTIFIER = "-.---Segue";
				PRODUCT_NAME = "$(TARGET_NAME)";
			};
			name = Debug;
		};
		048894BA1CEC196800055972 /* Release */ = {
			isa = XCBuildConfiguration;
			buildSettings = {
				ASSETCATALOG_COMPILER_APPICON_NAME = AppIcon;
				INFOPLIST_FILE = "自定义Segue/Info.plist";
				LD_RUNPATH_SEARCH_PATHS = "$(inherited) @executable_path/Frameworks";
				PRODUCT_BUNDLE_IDENTIFIER = "-.---Segue";
				PRODUCT_NAME = "$(TARGET_NAME)";
			};
			name = Release;
		};
		048894BC1CEC196800055972 /* Debug */ = {
			isa = XCBuildConfiguration;
			buildSettings = {
				BUNDLE_LOADER = "$(TEST_HOST)";
				INFOPLIST_FILE = "自定义SegueTests/Info.plist";
				LD_RUNPATH_SEARCH_PATHS = "$(inherited) @executable_path/Frameworks @loader_path/Frameworks";
				PRODUCT_BUNDLE_IDENTIFIER = "-.---SegueTests";
				PRODUCT_NAME = "$(TARGET_NAME)";
				TEST_HOST = "$(BUILT_PRODUCTS_DIR)/自定义Segue.app/自定义Segue";
			};
			name = Debug;
		};
		048894BD1CEC196800055972 /* Release */ = {
			isa = XCBuildConfiguration;
			buildSettings = {
				BUNDLE_LOADER = "$(TEST_HOST)";
				INFOPLIST_FILE = "自定义SegueTests/Info.plist";
				LD_RUNPATH_SEARCH_PATHS = "$(inherited) @executable_path/Frameworks @loader_path/Frameworks";
				PRODUCT_BUNDLE_IDENTIFIER = "-.---SegueTests";
				PRODUCT_NAME = "$(TARGET_NAME)";
				TEST_HOST = "$(BUILT_PRODUCTS_DIR)/自定义Segue.app/自定义Segue";
			};
			name = Release;
		};
		048894BF1CEC196800055972 /* Debug */ = {
			isa = XCBuildConfiguration;
			buildSettings = {
				INFOPLIST_FILE = "自定义SegueUITests/Info.plist";
				LD_RUNPATH_SEARCH_PATHS = "$(inherited) @executable_path/Frameworks @loader_path/Frameworks";
				PRODUCT_BUNDLE_IDENTIFIER = "-.---SegueUITests";
				PRODUCT_NAME = "$(TARGET_NAME)";
				TEST_TARGET_NAME = "自定义Segue";
				USES_XCTRUNNER = YES;
			};
			name = Debug;
		};
		048894C01CEC196800055972 /* Release */ = {
			isa = XCBuildConfiguration;
			buildSettings = {
				INFOPLIST_FILE = "自定义SegueUITests/Info.plist";
				LD_RUNPATH_SEARCH_PATHS = "$(inherited) @executable_path/Frameworks @loader_path/Frameworks";
				PRODUCT_BUNDLE_IDENTIFIER = "-.---SegueUITests";
				PRODUCT_NAME = "$(TARGET_NAME)";
				TEST_TARGET_NAME = "自定义Segue";
				USES_XCTRUNNER = YES;
			};
			name = Release;
		};
/* End XCBuildConfiguration section */

/* Begin XCConfigurationList section */
		048894861CEC196700055972 /* Build configuration list for PBXProject "自定义Segue" */ = {
			isa = XCConfigurationList;
			buildConfigurations = (
				048894B61CEC196800055972 /* Debug */,
				048894B71CEC196800055972 /* Release */,
			);
			defaultConfigurationIsVisible = 0;
			defaultConfigurationName = Release;
		};
		048894B81CEC196800055972 /* Build configuration list for PBXNativeTarget "自定义Segue" */ = {
			isa = XCConfigurationList;
			buildConfigurations = (
				048894B91CEC196800055972 /* Debug */,
				048894BA1CEC196800055972 /* Release */,
			);
			defaultConfigurationIsVisible = 0;
		};
		048894BB1CEC196800055972 /* Build configuration list for PBXNativeTarget "自定义SegueTests" */ = {
			isa = XCConfigurationList;
			buildConfigurations = (
				048894BC1CEC196800055972 /* Debug */,
				048894BD1CEC196800055972 /* Release */,
			);
			defaultConfigurationIsVisible = 0;
		};
		048894BE1CEC196800055972 /* Build configuration list for PBXNativeTarget "自定义SegueUITests" */ = {
			isa = XCConfigurationList;
			buildConfigurations = (
				048894BF1CEC196800055972 /* Debug */,
				048894C01CEC196800055972 /* Release */,
			);
			defaultConfigurationIsVisible = 0;
		};
/* End XCConfigurationList section */
	};
	rootObject = 048894831CEC196700055972 /* Project object */;
}
