// !$*UTF8*$!
{
	archiveVersion = 1;
	classes = {
	};
	objectVersion = 46;
	objects = {

/* Begin PBXBuildFile section */
		8740C59A1CD99B1100CEFD0C /* main.m in Sources */ = {isa = PBXBuildFile; fileRef = 8740C5991CD99B1100CEFD0C /* main.m */; };
		8740C59D1CD99B1100CEFD0C /* AppDelegate.m in Sources */ = {isa = PBXBuildFile; fileRef = 8740C59C1CD99B1100CEFD0C /* AppDelegate.m */; };
		8740C5A51CD99B1100CEFD0C /* Images.xcassets in Resources */ = {isa = PBXBuildFile; fileRef = 8740C5A41CD99B1100CEFD0C /* Images.xcassets */; };
		8740C5A81CD99B1100CEFD0C /* LaunchScreen.xib in Resources */ = {isa = PBXBuildFile; fileRef = 8740C5A61CD99B1100CEFD0C /* LaunchScreen.xib */; };
		8740C5B41CD99B1100CEFD0C /* UIButton__Tests.m in Sources */ = {isa = PBXBuildFile; fileRef = 8740C5B31CD99B1100CEFD0C /* UIButton__Tests.m */; };
/* End PBXBuildFile section */

/* Begin PBXContainerItemProxy section */
		8740C5AE1CD99B1100CEFD0C /* PBXContainerItemProxy */ = {
			isa = PBXContainerItemProxy;
			containerPortal = 8740C58C1CD99B1100CEFD0C /* Project object */;
			proxyType = 1;
			remoteGlobalIDString = 8740C5931CD99B1100CEFD0C;
			remoteInfo = "UIButton状态";
		};
/* End PBXContainerItemProxy section */

/* Begin PBXFileReference section */
		8740C5941CD99B1100CEFD0C /* UIButton状态.app */ = {isa = PBXFileReference; explicitFileType = wrapper.application; includeInIndex = 0; path = "UIButton状态.app"; sourceTree = BUILT_PRODUCTS_DIR; };
		8740C5981CD99B1100CEFD0C /* Info.plist */ = {isa = PBXFileReference; lastKnownFileType = text.plist.xml; path = Info.plist; sourceTree = "<group>"; };
		8740C5991CD99B1100CEFD0C /* main.m */ = {isa = PBXFileReference; lastKnownFileType = sourcecode.c.objc; path = main.m; sourceTree = "<group>"; };
		8740C59B1CD99B1100CEFD0C /* AppDelegate.h */ = {isa = PBXFileReference; lastKnownFileType = sourcecode.c.h; path = AppDelegate.h; sourceTree = "<group>"; };
		8740C59C1CD99B1100CEFD0C /* AppDelegate.m */ = {isa = PBXFileReference; lastKnownFileType = sourcecode.c.objc; path = AppDelegate.m; sourceTree = "<group>"; };
		8740C5A41CD99B1100CEFD0C /* Images.xcassets */ = {isa = PBXFileReference; lastKnownFileType = folder.assetcatalog; path = Images.xcassets; sourceTree = "<group>"; };
		8740C5A71CD99B1100CEFD0C /* Base */ = {isa = PBXFileReference; lastKnownFileType = file.xib; name = Base; path = Base.lproj/LaunchScreen.xib; sourceTree = "<group>"; };
		8740C5AD1CD99B1100CEFD0C /* UIButton状态Tests.xctest */ = {isa = PBXFileReference; explicitFileType = wrapper.cfbundle; includeInIndex = 0; path = "UIButton状态Tests.xctest"; sourceTree = BUILT_PRODUCTS_DIR; };
		8740C5B21CD99B1100CEFD0C /* Info.plist */ = {isa = PBXFileReference; lastKnownFileType = text.plist.xml; path = Info.plist; sourceTree = "<group>"; };
		8740C5B31CD99B1100CEFD0C /* UIButton__Tests.m */ = {isa = PBXFileReference; lastKnownFileType = sourcecode.c.objc; path = UIButton__Tests.m; sourceTree = "<group>"; };
/* End PBXFileReference section */

/* Begin PBXFrameworksBuildPhase section */
		8740C5911CD99B1100CEFD0C /* Frameworks */ = {
			isa = PBXFrameworksBuildPhase;
			buildActionMask = 2147483647;
			files = (
			);
			runOnlyForDeploymentPostprocessing = 0;
		};
		8740C5AA1CD99B1100CEFD0C /* Frameworks */ = {
			isa = PBXFrameworksBuildPhase;
			buildActionMask = 2147483647;
			files = (
			);
			runOnlyForDeploymentPostprocessing = 0;
		};
/* End PBXFrameworksBuildPhase section */

/* Begin PBXGroup section */
		8740C58B1CD99B1100CEFD0C = {
			isa = PBXGroup;
			children = (
				8740C5961CD99B1100CEFD0C /* UIButton状态 */,
				8740C5B01CD99B1100CEFD0C /* UIButton状态Tests */,
				8740C5951CD99B1100CEFD0C /* Products */,
			);
			sourceTree = "<group>";
		};
		8740C5951CD99B1100CEFD0C /* Products */ = {
			isa = PBXGroup;
			children = (
				8740C5941CD99B1100CEFD0C /* UIButton状态.app */,
				8740C5AD1CD99B1100CEFD0C /* UIButton状态Tests.xctest */,
			);
			name = Products;
			sourceTree = "<group>";
		};
		8740C5961CD99B1100CEFD0C /* UIButton状态 */ = {
			isa = PBXGroup;
			children = (
				8740C59B1CD99B1100CEFD0C /* AppDelegate.h */,
				8740C59C1CD99B1100CEFD0C /* AppDelegate.m */,
				8740C5A41CD99B1100CEFD0C /* Images.xcassets */,
				8740C5A61CD99B1100CEFD0C /* LaunchScreen.xib */,
				8740C5971CD99B1100CEFD0C /* Supporting Files */,
			);
			path = "UIButton状态";
			sourceTree = "<group>";
		};
		8740C5971CD99B1100CEFD0C /* Supporting Files */ = {
			isa = PBXGroup;
			children = (
				8740C5981CD99B1100CEFD0C /* Info.plist */,
				8740C5991CD99B1100CEFD0C /* main.m */,
			);
			name = "Supporting Files";
			sourceTree = "<group>";
		};
		8740C5B01CD99B1100CEFD0C /* UIButton状态Tests */ = {
			isa = PBXGroup;
			children = (
				8740C5B31CD99B1100CEFD0C /* UIButton__Tests.m */,
				8740C5B11CD99B1100CEFD0C /* Supporting Files */,
			);
			path = "UIButton状态Tests";
			sourceTree = "<group>";
		};
		8740C5B11CD99B1100CEFD0C /* Supporting Files */ = {
			isa = PBXGroup;
			children = (
				8740C5B21CD99B1100CEFD0C /* Info.plist */,
			);
			name = "Supporting Files";
			sourceTree = "<group>";
		};
/* End PBXGroup section */

/* Begin PBXNativeTarget section */
		8740C5931CD99B1100CEFD0C /* UIButton状态 */ = {
			isa = PBXNativeTarget;
			buildConfigurationList = 8740C5B71CD99B1100CEFD0C /* Build configuration list for PBXNativeTarget "UIButton状态" */;
			buildPhases = (
				8740C5901CD99B1100CEFD0C /* Sources */,
				8740C5911CD99B1100CEFD0C /* Frameworks */,
				8740C5921CD99B1100CEFD0C /* Resources */,
			);
			buildRules = (
			);
			dependencies = (
			);
			name = "UIButton状态";
			productName = "UIButton状态";
			productReference = 8740C5941CD99B1100CEFD0C /* UIButton状态.app */;
			productType = "com.apple.product-type.application";
		};
		8740C5AC1CD99B1100CEFD0C /* UIButton状态Tests */ = {
			isa = PBXNativeTarget;
			buildConfigurationList = 8740C5BA1CD99B1100CEFD0C /* Build configuration list for PBXNativeTarget "UIButton状态Tests" */;
			buildPhases = (
				8740C5A91CD99B1100CEFD0C /* Sources */,
				8740C5AA1CD99B1100CEFD0C /* Frameworks */,
				8740C5AB1CD99B1100CEFD0C /* Resources */,
			);
			buildRules = (
			);
			dependencies = (
				8740C5AF1CD99B1100CEFD0C /* PBXTargetDependency */,
			);
			name = "UIButton状态Tests";
			productName = "UIButton状态Tests";
			productReference = 8740C5AD1CD99B1100CEFD0C /* UIButton状态Tests.xctest */;
			productType = "com.apple.product-type.bundle.unit-test";
		};
/* End PBXNativeTarget section */

/* Begin PBXProject section */
		8740C58C1CD99B1100CEFD0C /* Project object */ = {
			isa = PBXProject;
			attributes = {
				LastUpgradeCheck = 0620;
				ORGANIZATIONNAME = "刘桂林";
				TargetAttributes = {
					8740C5931CD99B1100CEFD0C = {
						CreatedOnToolsVersion = 6.2;
					};
					8740C5AC1CD99B1100CEFD0C = {
						CreatedOnToolsVersion = 6.2;
						TestTargetID = 8740C5931CD99B1100CEFD0C;
					};
				};
			};
			buildConfigurationList = 8740C58F1CD99B1100CEFD0C /* Build configuration list for PBXProject "UIButton状态" */;
			compatibilityVersion = "Xcode 3.2";
			developmentRegion = English;
			hasScannedForEncodings = 0;
			knownRegions = (
				en,
				Base,
			);
			mainGroup = 8740C58B1CD99B1100CEFD0C;
			productRefGroup = 8740C5951CD99B1100CEFD0C /* Products */;
			projectDirPath = "";
			projectRoot = "";
			targets = (
				8740C5931CD99B1100CEFD0C /* UIButton状态 */,
				8740C5AC1CD99B1100CEFD0C /* UIButton状态Tests */,
			);
		};
/* End PBXProject section */

/* Begin PBXResourcesBuildPhase section */
		8740C5921CD99B1100CEFD0C /* Resources */ = {
			isa = PBXResourcesBuildPhase;
			buildActionMask = 2147483647;
			files = (
				8740C5A81CD99B1100CEFD0C /* LaunchScreen.xib in Resources */,
				8740C5A51CD99B1100CEFD0C /* Images.xcassets in Resources */,
			);
			runOnlyForDeploymentPostprocessing = 0;
		};
		8740C5AB1CD99B1100CEFD0C /* Resources */ = {
			isa = PBXResourcesBuildPhase;
			buildActionMask = 2147483647;
			files = (
			);
			runOnlyForDeploymentPostprocessing = 0;
		};
/* End PBXResourcesBuildPhase section */

/* Begin PBXSourcesBuildPhase section */
		8740C5901CD99B1100CEFD0C /* Sources */ = {
			isa = PBXSourcesBuildPhase;
			buildActionMask = 2147483647;
			files = (
				8740C59D1CD99B1100CEFD0C /* AppDelegate.m in Sources */,
				8740C59A1CD99B1100CEFD0C /* main.m in Sources */,
			);
			runOnlyForDeploymentPostprocessing = 0;
		};
		8740C5A91CD99B1100CEFD0C /* Sources */ = {
			isa = PBXSourcesBuildPhase;
			buildActionMask = 2147483647;
			files = (
				8740C5B41CD99B1100CEFD0C /* UIButton__Tests.m in Sources */,
			);
			runOnlyForDeploymentPostprocessing = 0;
		};
/* End PBXSourcesBuildPhase section */

/* Begin PBXTargetDependency section */
		8740C5AF1CD99B1100CEFD0C /* PBXTargetDependency */ = {
			isa = PBXTargetDependency;
			target = 8740C5931CD99B1100CEFD0C /* UIButton状态 */;
			targetProxy = 8740C5AE1CD99B1100CEFD0C /* PBXContainerItemProxy */;
		};
/* End PBXTargetDependency section */

/* Begin PBXVariantGroup section */
		8740C5A61CD99B1100CEFD0C /* LaunchScreen.xib */ = {
			isa = PBXVariantGroup;
			children = (
				8740C5A71CD99B1100CEFD0C /* Base */,
			);
			name = LaunchScreen.xib;
			sourceTree = "<group>";
		};
/* End PBXVariantGroup section */

/* Begin XCBuildConfiguration section */
		8740C5B51CD99B1100CEFD0C /* Debug */ = {
			isa = XCBuildConfiguration;
			buildSettings = {
				ALWAYS_SEARCH_USER_PATHS = NO;
				CLANG_CXX_LANGUAGE_STANDARD = "gnu++0x";
				CLANG_CXX_LIBRARY = "libc++";
				CLANG_ENABLE_MODULES = YES;
				CLANG_ENABLE_OBJC_ARC = YES;
				CLANG_WARN_BOOL_CONVERSION = YES;
				CLANG_WARN_CONSTANT_CONVERSION = YES;
				CLANG_WARN_DIRECT_OBJC_ISA_USAGE = YES_ERROR;
				CLANG_WARN_EMPTY_BODY = YES;
				CLANG_WARN_ENUM_CONVERSION = YES;
				CLANG_WARN_INT_CONVERSION = YES;
				CLANG_WARN_OBJC_ROOT_CLASS = YES_ERROR;
				CLANG_WARN_UNREACHABLE_CODE = YES;
				CLANG_WARN__DUPLICATE_METHOD_MATCH = YES;
				"CODE_SIGN_IDENTITY[sdk=iphoneos*]" = "iPhone Developer";
				COPY_PHASE_STRIP = NO;
				ENABLE_STRICT_OBJC_MSGSEND = YES;
				GCC_C_LANGUAGE_STANDARD = gnu99;
				GCC_DYNAMIC_NO_PIC = NO;
				GCC_OPTIMIZATION_LEVEL = 0;
				GCC_PREPROCESSOR_DEFINITIONS = (
					"DEBUG=1",
					"$(inherited)",
				);
				GCC_SYMBOLS_PRIVATE_EXTERN = NO;
				GCC_WARN_64_TO_32_BIT_CONVERSION = YES;
				GCC_WARN_ABOUT_RETURN_TYPE = YES_ERROR;
				GCC_WARN_UNDECLARED_SELECTOR = YES;
				GCC_WARN_UNINITIALIZED_AUTOS = YES_AGGRESSIVE;
				GCC_WARN_UNUSED_FUNCTION = YES;
				GCC_WARN_UNUSED_VARIABLE = YES;
				IPHONEOS_DEPLOYMENT_TARGET = 8.2;
				MTL_ENABLE_DEBUG_INFO = YES;
				ONLY_ACTIVE_ARCH = YES;
				SDKROOT = iphoneos;
				TARGETED_DEVICE_FAMILY = "1,2";
			};
			name = Debug;
		};
		8740C5B61CD99B1100CEFD0C /* Release */ = {
			isa = XCBuildConfiguration;
			buildSettings = {
				ALWAYS_SEARCH_USER_PATHS = NO;
				CLANG_CXX_LANGUAGE_STANDARD = "gnu++0x";
				CLANG_CXX_LIBRARY = "libc++";
				CLANG_ENABLE_MODULES = YES;
				CLANG_ENABLE_OBJC_ARC = YES;
				CLANG_WARN_BOOL_CONVERSION = YES;
				CLANG_WARN_CONSTANT_CONVERSION = YES;
				CLANG_WARN_DIRECT_OBJC_ISA_USAGE = YES_ERROR;
				CLANG_WARN_EMPTY_BODY = YES;
				CLANG_WARN_ENUM_CONVERSION = YES;
				CLANG_WARN_INT_CONVERSION = YES;
				CLANG_WARN_OBJC_ROOT_CLASS = YES_ERROR;
				CLANG_WARN_UNREACHABLE_CODE = YES;
				CLANG_WARN__DUPLICATE_METHOD_MATCH = YES;
				"CODE_SIGN_IDENTITY[sdk=iphoneos*]" = "iPhone Developer";
				COPY_PHASE_STRIP = NO;
				ENABLE_NS_ASSERTIONS = NO;
				ENABLE_STRICT_OBJC_MSGSEND = YES;
				GCC_C_LANGUAGE_STANDARD = gnu99;
				GCC_WARN_64_TO_32_BIT_CONVERSION = YES;
				GCC_WARN_ABOUT_RETURN_TYPE = YES_ERROR;
				GCC_WARN_UNDECLARED_SELECTOR = YES;
				GCC_WARN_UNINITIALIZED_AUTOS = YES_AGGRESSIVE;
				GCC_WARN_UNUSED_FUNCTION = YES;
				GCC_WARN_UNUSED_VARIABLE = YES;
				IPHONEOS_DEPLOYMENT_TARGET = 8.2;
				MTL_ENABLE_DEBUG_INFO = NO;
				SDKROOT = iphoneos;
				TARGETED_DEVICE_FAMILY = "1,2";
				VALIDATE_PRODUCT = YES;
			};
			name = Release;
		};
		8740C5B81CD99B1100CEFD0C /* Debug */ = {
			isa = XCBuildConfiguration;
			buildSettings = {
				ASSETCATALOG_COMPILER_APPICON_NAME = AppIcon;
				INFOPLIST_FILE = "UIButton状态/Info.plist";
				LD_RUNPATH_SEARCH_PATHS = "$(inherited) @executable_path/Frameworks";
				PRODUCT_NAME = "$(TARGET_NAME)";
			};
			name = Debug;
		};
		8740C5B91CD99B1100CEFD0C /* Release */ = {
			isa = XCBuildConfiguration;
			buildSettings = {
				ASSETCATALOG_COMPILER_APPICON_NAME = AppIcon;
				INFOPLIST_FILE = "UIButton状态/Info.plist";
				LD_RUNPATH_SEARCH_PATHS = "$(inherited) @executable_path/Frameworks";
				PRODUCT_NAME = "$(TARGET_NAME)";
			};
			name = Release;
		};
		8740C5BB1CD99B1100CEFD0C /* Debug */ = {
			isa = XCBuildConfiguration;
			buildSettings = {
				BUNDLE_LOADER = "$(TEST_HOST)";
				FRAMEWORK_SEARCH_PATHS = (
					"$(SDKROOT)/Developer/Library/Frameworks",
					"$(inherited)",
				);
				GCC_PREPROCESSOR_DEFINITIONS = (
					"DEBUG=1",
					"$(inherited)",
				);
				INFOPLIST_FILE = "UIButton状态Tests/Info.plist";
				LD_RUNPATH_SEARCH_PATHS = "$(inherited) @executable_path/Frameworks @loader_path/Frameworks";
				PRODUCT_NAME = "$(TARGET_NAME)";
				TEST_HOST = "$(BUILT_PRODUCTS_DIR)/UIButton状态.app/UIButton状态";
			};
			name = Debug;
		};
		8740C5BC1CD99B1100CEFD0C /* Release */ = {
			isa = XCBuildConfiguration;
			buildSettings = {
				BUNDLE_LOADER = "$(TEST_HOST)";
				FRAMEWORK_SEARCH_PATHS = (
					"$(SDKROOT)/Developer/Library/Frameworks",
					"$(inherited)",
				);
				INFOPLIST_FILE = "UIButton状态Tests/Info.plist";
				LD_RUNPATH_SEARCH_PATHS = "$(inherited) @executable_path/Frameworks @loader_path/Frameworks";
				PRODUCT_NAME = "$(TARGET_NAME)";
				TEST_HOST = "$(BUILT_PRODUCTS_DIR)/UIButton状态.app/UIButton状态";
			};
			name = Release;
		};
/* End XCBuildConfiguration section */

/* Begin XCConfigurationList section */
		8740C58F1CD99B1100CEFD0C /* Build configuration list for PBXProject "UIButton状态" */ = {
			isa = XCConfigurationList;
			buildConfigurations = (
				8740C5B51CD99B1100CEFD0C /* Debug */,
				8740C5B61CD99B1100CEFD0C /* Release */,
			);
			defaultConfigurationIsVisible = 0;
			defaultConfigurationName = Release;
		};
		8740C5B71CD99B1100CEFD0C /* Build configuration list for PBXNativeTarget "UIButton状态" */ = {
			isa = XCConfigurationList;
			buildConfigurations = (
				8740C5B81CD99B1100CEFD0C /* Debug */,
				8740C5B91CD99B1100CEFD0C /* Release */,
			);
			defaultConfigurationIsVisible = 0;
		};
		8740C5BA1CD99B1100CEFD0C /* Build configuration list for PBXNativeTarget "UIButton状态Tests" */ = {
			isa = XCConfigurationList;
			buildConfigurations = (
				8740C5BB1CD99B1100CEFD0C /* Debug */,
				8740C5BC1CD99B1100CEFD0C /* Release */,
			);
			defaultConfigurationIsVisible = 0;
		};
/* End XCConfigurationList section */
	};
	rootObject = 8740C58C1CD99B1100CEFD0C /* Project object */;
}
